
Microsoft Visual Studio Solution File, Format Version 12.00
# Visual Studio Version 17
VisualStudioVersion = 17.9.34616.47
MinimumVisualStudioVersion = 10.0.40219.1
Project("{9A19103F-16F7-4668-BE54-9A1E7A4F7556}") = "MTCG", "MTCG.csproj", "{430C4728-B42B-41B2-AB8C-256D801BAFC6}"
EndProject
Project("{FAE04EC0-301F-11D3-BF4B-00C04F79EFBC}") = "MTCG_Testing", "..\MTCG_Testing\MTCG_Testing.csproj", "{BBB67F16-0C18-4C75-8616-A5F8EDC9B11B}"
EndProject
Global
	GlobalSection(SolutionConfigurationPlatforms) = preSolution
		Debug|Any CPU = Debug|Any CPU
		Release|Any CPU = Release|Any CPU
	EndGlobalSection
	GlobalSection(ProjectConfigurationPlatforms) = postSolution
		{430C4728-B42B-41B2-AB8C-256D801BAFC6}.Debug|Any CPU.ActiveCfg = Debug|Any CPU
		{430C4728-B42B-41B2-AB8C-256D801BAFC6}.Debug|Any CPU.Build.0 = Debug|Any CPU
		{430C4728-B42B-41B2-AB8C-256D801BAFC6}.Release|Any CPU.ActiveCfg = Release|Any CPU
		{430C4728-B42B-41B2-AB8C-256D801BAFC6}.Release|Any CPU.Build.0 = Release|Any CPU
		{BBB67F16-0C18-4C75-8616-A5F8EDC9B11B}.Debug|Any CPU.ActiveCfg = Debug|Any CPU
		{BBB67F16-0C18-4C75-8616-A5F8EDC9B11B}.Debug|Any CPU.Build.0 = Debug|Any CPU
		{BBB67F16-0C18-4C75-8616-A5F8EDC9B11B}.Release|Any CPU.ActiveCfg = Release|Any CPU
		{BBB67F16-0C18-4C75-8616-A5F8EDC9B11B}.Release|Any CPU.Build.0 = Release|Any CPU
	EndGlobalSection
	GlobalSection(SolutionProperties) = preSolution
		HideSolutionNode = FALSE
	EndGlobalSection
	GlobalSection(ExtensibilityGlobals) = postSolution
		SolutionGuid = {3B1EC43B-8800-49BE-8102-8FCD8EA8AC79}
	EndGlobalSection
EndGlobal
